
Microsoft Visual Studio Solution File, Format Version 12.00
# Visual Studio Version 16
VisualStudioVersion = 16.0.29806.167
MinimumVisualStudioVersion = 10.0.40219.1
Project("{FAE04EC0-301F-11D3-BF4B-00C04F79EFBC}") = "FirstAzureApp", "FirstAzureApp\FirstAzureApp.csproj", "{3139E4C3-2C73-40E5-A1F5-2C6E3F2BE365}"
EndProject
Global
	GlobalSection(SolutionConfigurationPlatforms) = preSolution
		Debug|Any CPU = Debug|Any CPU
		Release|Any CPU = Release|Any CPU
	EndGlobalSection
	GlobalSection(ProjectConfigurationPlatforms) = postSolution
		{3139E4C3-2C73-40E5-A1F5-2C6E3F2BE365}.Debug|Any CPU.ActiveCfg = Debug|Any CPU
		{3139E4C3-2C73-40E5-A1F5-2C6E3F2BE365}.Debug|Any CPU.Build.0 = Debug|Any CPU
		{3139E4C3-2C73-40E5-A1F5-2C6E3F2BE365}.Release|Any CPU.ActiveCfg = Release|Any CPU
		{3139E4C3-2C73-40E5-A1F5-2C6E3F2BE365}.Release|Any CPU.Build.0 = Release|Any CPU
	EndGlobalSection
	GlobalSection(SolutionProperties) = preSolution
		HideSolutionNode = FALSE
	EndGlobalSection
	GlobalSection(ExtensibilityGlobals) = postSolution
		SolutionGuid = {574EEEAA-C3ED-40DA-8FFC-91291187A6A7}
	EndGlobalSection
EndGlobal
